{
  "R": {
    "Version": "4.3.1",
    "Repositories": [
      {
        "Name": "raveieeg",
        "URL": "https://rave-ieeg.r-universe.dev"
      },
      {
        "Name": "CRAN",
        "URL": "https://cloud.r-project.org"
      }
    ]
  },
  "Packages": {
    "MASS": {
      "Package": "MASS",
      "Version": "7.3-60",
      "Source": "URL",
      "Repository": "CRAN",
      "RemoteType": "url",
      "RemoteUrl": "https://cran.r-project.org/src/contrib/Archive/MASS/MASS_7.3-60.tar.gz",
      "Requirements": [
        "R",
        "grDevices",
        "graphics",
        "methods",
        "stats",
        "utils"
      ],
      "Hash": "f3de3b4fc09377d57c31ab7b4af6a3ab"
    },
    "Matrix": {
      "Package": "Matrix",
      "Version": "1.6-0",
      "Source": "URL",
      "Repository": "CRAN",
      "RemoteType": "url",
      "RemoteUrl": "https://cran.r-project.org/src/contrib/Archive/Matrix/Matrix_1.6-0.tar.gz",
      "Requirements": [
        "R",
        "grDevices",
        "graphics",
        "grid",
        "lattice",
        "methods",
        "stats",
        "utils"
      ],
      "Hash": "7b988605934d35934c759b9c73e590e5"
    },
    "lattice": {
      "Package": "lattice",
      "Version": "0.21-9",
      "Source": "URL",
      "Repository": "CRAN",
      "RemoteType": "url",
      "RemoteUrl": "https://cran.r-project.org/src/contrib/Archive/lattice/lattice_0.21-9.tar.gz",
      "Requirements": [
        "R",
        "grDevices",
        "graphics",
        "grid",
        "stats",
        "utils"
      ],
      "Hash": "eac1d513cc0b35845b770cf5ce93bbca"
    },
    "pak": {
      "Package": "pak",
      "Version": "0.7.2",
      "Source": "Repository",
      "Repository": "CRAN",
      "Requirements": [
        "R",
        "tools",
        "utils"
      ],
      "Hash": "93288e19455e09f590b56db4d50248fe"
    },
    "ravemanager": {
      "Package": "ravemanager",
      "Version": "1.0.42",
      "Source": "Repository",
      "Repository": "https://rave-ieeg.r-universe.dev",
      "Requirements": [
        "utils"
      ],
      "Hash": "20ed595dac4d50f5cb2317e35b4d9b3e"
    },
    "renv": {
      "Package": "renv",
      "Version": "1.0.7",
      "Source": "Repository",
      "Repository": "CRAN",
      "Requirements": [
        "utils"
      ],
      "Hash": "397b7b2a265bc5a7a06852524dabae20"
    }
  }
}
